PODS:
  - colibri_flutter (0.1.9):
    - Flutter
  - Flutter (1.0.0)

DEPENDENCIES:
  - colibri_flutter (from `.symlinks/plugins/colibri_flutter/ios`)
  - Flutter (from `Flutter`)

EXTERNAL SOURCES:
  colibri_flutter:
    :path: ".symlinks/plugins/colibri_flutter/ios"
  Flutter:
    :path: Flutter

SPEC CHECKSUMS:
  colibri_flutter: 5e5bc14f0224d50077ba6cb6a84ebb899f4569d5
  Flutter: cabc95a1d2626b1b06e7179b784ebcf0c0cde467

PODFILE CHECKSUM: 3c63482e143d1b91d2d2560aee9fb04ecc74ac7e

COCOAPODS: 1.16.2
